
Microsoft Visual Studio Solution File, Format Version 12.00
# Visual Studio Version 17
VisualStudioVersion = 17.0.31903.59
MinimumVisualStudioVersion = 10.0.40219.1
Project("{2150E333-8FDC-42A3-9474-1A3956D46DE8}") = "Services", "Services", "{C16A458A-1832-4940-AF15-F109E85EF8F4}"
EndProject
Project("{2150E333-8FDC-42A3-9474-1A3956D46DE8}") = "Catalog", "Catalog", "{21EE56B6-911C-4861-8E03-69A9A904768C}"
EndProject
Project("{FAE04EC0-301F-11D3-BF4B-00C04F79EFBC}") = "Catalog.API", "Services\Catalog\Catalog.API\Catalog.API.csproj", "{EBF945A9-39EA-4749-BA10-293FB616B361}"
EndProject
Project("{2150E333-8FDC-42A3-9474-1A3956D46DE8}") = "BuildingBlocks", "BuildingBlocks", "{1DFEC508-7B1E-4A39-96B0-89B1260DF3FB}"
EndProject
Project("{FAE04EC0-301F-11D3-BF4B-00C04F79EFBC}") = "BuildingBlocks", "BuildingBlocks\BuildingBlocks\BuildingBlocks.csproj", "{0B700558-8667-45C5-A04B-3C5606239C39}"
EndProject
Project("{E53339B2-1760-4266-BCC7-CA923CBCF16C}") = "docker-compose", "docker-compose.dcproj", "{291E31E1-8352-4FE6-8E32-7227C44DF1CD}"
EndProject
Global
	GlobalSection(SolutionConfigurationPlatforms) = preSolution
		Debug|Any CPU = Debug|Any CPU
		Release|Any CPU = Release|Any CPU
	EndGlobalSection
	GlobalSection(ProjectConfigurationPlatforms) = postSolution
		{EBF945A9-39EA-4749-BA10-293FB616B361}.Debug|Any CPU.ActiveCfg = Debug|Any CPU
		{EBF945A9-39EA-4749-BA10-293FB616B361}.Debug|Any CPU.Build.0 = Debug|Any CPU
		{EBF945A9-39EA-4749-BA10-293FB616B361}.Release|Any CPU.ActiveCfg = Release|Any CPU
		{EBF945A9-39EA-4749-BA10-293FB616B361}.Release|Any CPU.Build.0 = Release|Any CPU
		{0B700558-8667-45C5-A04B-3C5606239C39}.Debug|Any CPU.ActiveCfg = Debug|Any CPU
		{0B700558-8667-45C5-A04B-3C5606239C39}.Debug|Any CPU.Build.0 = Debug|Any CPU
		{0B700558-8667-45C5-A04B-3C5606239C39}.Release|Any CPU.ActiveCfg = Release|Any CPU
		{0B700558-8667-45C5-A04B-3C5606239C39}.Release|Any CPU.Build.0 = Release|Any CPU
		{291E31E1-8352-4FE6-8E32-7227C44DF1CD}.Debug|Any CPU.ActiveCfg = Debug|Any CPU
		{291E31E1-8352-4FE6-8E32-7227C44DF1CD}.Debug|Any CPU.Build.0 = Debug|Any CPU
		{291E31E1-8352-4FE6-8E32-7227C44DF1CD}.Release|Any CPU.ActiveCfg = Release|Any CPU
		{291E31E1-8352-4FE6-8E32-7227C44DF1CD}.Release|Any CPU.Build.0 = Release|Any CPU
	EndGlobalSection
	GlobalSection(SolutionProperties) = preSolution
		HideSolutionNode = FALSE
	EndGlobalSection
	GlobalSection(NestedProjects) = preSolution
		{21EE56B6-911C-4861-8E03-69A9A904768C} = {C16A458A-1832-4940-AF15-F109E85EF8F4}
		{EBF945A9-39EA-4749-BA10-293FB616B361} = {21EE56B6-911C-4861-8E03-69A9A904768C}
		{0B700558-8667-45C5-A04B-3C5606239C39} = {1DFEC508-7B1E-4A39-96B0-89B1260DF3FB}
	EndGlobalSection
EndGlobal
